// !$*UTF8*$!
{
	archiveVersion = 1;
	classes = {
	};
	objectVersion = 50;
	objects = {

/* Begin PBXBuildFile section */
		A70C6BF2248F6A18004790E3 /* DogOrCat.mlmodel in Sources */ = {isa = PBXBuildFile; fileRef = A70C6BF1248F6A18004790E3 /* DogOrCat.mlmodel */; };
		A7A2DB23248BF0F3006F5065 /* AppDelegate.swift in Sources */ = {isa = PBXBuildFile; fileRef = A7A2DB22248BF0F3006F5065 /* AppDelegate.swift */; };
		A7A2DB25248BF0F3006F5065 /* SceneDelegate.swift in Sources */ = {isa = PBXBuildFile; fileRef = A7A2DB24248BF0F3006F5065 /* SceneDelegate.swift */; };
		A7A2DB27248BF0F3006F5065 /* ContentView.swift in Sources */ = {isa = PBXBuildFile; fileRef = A7A2DB26248BF0F3006F5065 /* ContentView.swift */; };
		A7A2DB29248BF0F6006F5065 /* Assets.xcassets in Resources */ = {isa = PBXBuildFile; fileRef = A7A2DB28248BF0F6006F5065 /* Assets.xcassets */; };
		A7A2DB2C248BF0F6006F5065 /* Preview Assets.xcassets in Resources */ = {isa = PBXBuildFile; fileRef = A7A2DB2B248BF0F6006F5065 /* Preview Assets.xcassets */; };
		A7A2DB2F248BF0F6006F5065 /* LaunchScreen.storyboard in Resources */ = {isa = PBXBuildFile; fileRef = A7A2DB2D248BF0F6006F5065 /* LaunchScreen.storyboard */; };
		A7A2DB3A248BF0F6006F5065 /* DogOrCatTests.swift in Sources */ = {isa = PBXBuildFile; fileRef = A7A2DB39248BF0F6006F5065 /* DogOrCatTests.swift */; };
/* End PBXBuildFile section */

/* Begin PBXContainerItemProxy section */
		A7A2DB36248BF0F6006F5065 /* PBXContainerItemProxy */ = {
			isa = PBXContainerItemProxy;
			containerPortal = A7A2DB17248BF0F3006F5065 /* Project object */;
			proxyType = 1;
			remoteGlobalIDString = A7A2DB1E248BF0F3006F5065;
			remoteInfo = DogOrCat;
		};
/* End PBXContainerItemProxy section */

/* Begin PBXFileReference section */
		A70C6BF1248F6A18004790E3 /* DogOrCat.mlmodel */ = {isa = PBXFileReference; lastKnownFileType = file.mlmodel; path = DogOrCat.mlmodel; sourceTree = "<group>"; };
		A7A2DB1F248BF0F3006F5065 /* DogOrCat.app */ = {isa = PBXFileReference; explicitFileType = wrapper.application; includeInIndex = 0; path = DogOrCat.app; sourceTree = BUILT_PRODUCTS_DIR; };
		A7A2DB22248BF0F3006F5065 /* AppDelegate.swift */ = {isa = PBXFileReference; lastKnownFileType = sourcecode.swift; path = AppDelegate.swift; sourceTree = "<group>"; };
		A7A2DB24248BF0F3006F5065 /* SceneDelegate.swift */ = {isa = PBXFileReference; lastKnownFileType = sourcecode.swift; path = SceneDelegate.swift; sourceTree = "<group>"; };
		A7A2DB26248BF0F3006F5065 /* ContentView.swift */ = {isa = PBXFileReference; lastKnownFileType = sourcecode.swift; path = ContentView.swift; sourceTree = "<group>"; };
		A7A2DB28248BF0F6006F5065 /* Assets.xcassets */ = {isa = PBXFileReference; lastKnownFileType = folder.assetcatalog; path = Assets.xcassets; sourceTree = "<group>"; };
		A7A2DB2B248BF0F6006F5065 /* Preview Assets.xcassets */ = {isa = PBXFileReference; lastKnownFileType = folder.assetcatalog; path = "Preview Assets.xcassets"; sourceTree = "<group>"; };
		A7A2DB2E248BF0F6006F5065 /* Base */ = {isa = PBXFileReference; lastKnownFileType = file.storyboard; name = Base; path = Base.lproj/LaunchScreen.storyboard; sourceTree = "<group>"; };
		A7A2DB30248BF0F6006F5065 /* Info.plist */ = {isa = PBXFileReference; lastKnownFileType = text.plist.xml; path = Info.plist; sourceTree = "<group>"; };
		A7A2DB35248BF0F6006F5065 /* DogOrCatTests.xctest */ = {isa = PBXFileReference; explicitFileType = wrapper.cfbundle; includeInIndex = 0; path = DogOrCatTests.xctest; sourceTree = BUILT_PRODUCTS_DIR; };
		A7A2DB39248BF0F6006F5065 /* DogOrCatTests.swift */ = {isa = PBXFileReference; lastKnownFileType = sourcecode.swift; path = DogOrCatTests.swift; sourceTree = "<group>"; };
		A7A2DB3B248BF0F6006F5065 /* Info.plist */ = {isa = PBXFileReference; lastKnownFileType = text.plist.xml; path = Info.plist; sourceTree = "<group>"; };
/* End PBXFileReference section */

/* Begin PBXFrameworksBuildPhase section */
		A7A2DB1C248BF0F3006F5065 /* Frameworks */ = {
			isa = PBXFrameworksBuildPhase;
			buildActionMask = 2147483647;
			files = (
			);
			runOnlyForDeploymentPostprocessing = 0;
		};
		A7A2DB32248BF0F6006F5065 /* Frameworks */ = {
			isa = PBXFrameworksBuildPhase;
			buildActionMask = 2147483647;
			files = (
			);
			runOnlyForDeploymentPostprocessing = 0;
		};
/* End PBXFrameworksBuildPhase section */

/* Begin PBXGroup section */
		A7A2DB16248BF0F3006F5065 = {
			isa = PBXGroup;
			children = (
				A7A2DB21248BF0F3006F5065 /* DogOrCat */,
				A7A2DB38248BF0F6006F5065 /* DogOrCatTests */,
				A7A2DB20248BF0F3006F5065 /* Products */,
			);
			sourceTree = "<group>";
		};
		A7A2DB20248BF0F3006F5065 /* Products */ = {
			isa = PBXGroup;
			children = (
				A7A2DB1F248BF0F3006F5065 /* DogOrCat.app */,
				A7A2DB35248BF0F6006F5065 /* DogOrCatTests.xctest */,
			);
			name = Products;
			sourceTree = "<group>";
		};
		A7A2DB21248BF0F3006F5065 /* DogOrCat */ = {
			isa = PBXGroup;
			children = (
				A7A2DB22248BF0F3006F5065 /* AppDelegate.swift */,
				A7A2DB24248BF0F3006F5065 /* SceneDelegate.swift */,
				A7A2DB26248BF0F3006F5065 /* ContentView.swift */,
				A7A2DB28248BF0F6006F5065 /* Assets.xcassets */,
				A7A2DB2D248BF0F6006F5065 /* LaunchScreen.storyboard */,
				A7A2DB30248BF0F6006F5065 /* Info.plist */,
				A70C6BF1248F6A18004790E3 /* DogOrCat.mlmodel */,
				A7A2DB2A248BF0F6006F5065 /* Preview Content */,
			);
			path = DogOrCat;
			sourceTree = "<group>";
		};
		A7A2DB2A248BF0F6006F5065 /* Preview Content */ = {
			isa = PBXGroup;
			children = (
				A7A2DB2B248BF0F6006F5065 /* Preview Assets.xcassets */,
			);
			path = "Preview Content";
			sourceTree = "<group>";
		};
		A7A2DB38248BF0F6006F5065 /* DogOrCatTests */ = {
			isa = PBXGroup;
			children = (
				A7A2DB39248BF0F6006F5065 /* DogOrCatTests.swift */,
				A7A2DB3B248BF0F6006F5065 /* Info.plist */,
			);
			path = DogOrCatTests;
			sourceTree = "<group>";
		};
/* End PBXGroup section */

/* Begin PBXNativeTarget section */
		A7A2DB1E248BF0F3006F5065 /* DogOrCat */ = {
			isa = PBXNativeTarget;
			buildConfigurationList = A7A2DB3E248BF0F6006F5065 /* Build configuration list for PBXNativeTarget "DogOrCat" */;
			buildPhases = (
				A7A2DB1B248BF0F3006F5065 /* Sources */,
				A7A2DB1C248BF0F3006F5065 /* Frameworks */,
				A7A2DB1D248BF0F3006F5065 /* Resources */,
			);
			buildRules = (
			);
			dependencies = (
			);
			name = DogOrCat;
			productName = DogOrCat;
			productReference = A7A2DB1F248BF0F3006F5065 /* DogOrCat.app */;
			productType = "com.apple.product-type.application";
		};
		A7A2DB34248BF0F6006F5065 /* DogOrCatTests */ = {
			isa = PBXNativeTarget;
			buildConfigurationList = A7A2DB41248BF0F6006F5065 /* Build configuration list for PBXNativeTarget "DogOrCatTests" */;
			buildPhases = (
				A7A2DB31248BF0F6006F5065 /* Sources */,
				A7A2DB32248BF0F6006F5065 /* Frameworks */,
				A7A2DB33248BF0F6006F5065 /* Resources */,
			);
			buildRules = (
			);
			dependencies = (
				A7A2DB37248BF0F6006F5065 /* PBXTargetDependency */,
			);
			name = DogOrCatTests;
			productName = DogOrCatTests;
			productReference = A7A2DB35248BF0F6006F5065 /* DogOrCatTests.xctest */;
			productType = "com.apple.product-type.bundle.unit-test";
		};
/* End PBXNativeTarget section */

/* Begin PBXProject section */
		A7A2DB17248BF0F3006F5065 /* Project object */ = {
			isa = PBXProject;
			attributes = {
				LastSwiftUpdateCheck = 1130;
				LastUpgradeCheck = 1130;
				ORGANIZATIONNAME = "Yuet Yu Melody Lam ";
				TargetAttributes = {
					A7A2DB1E248BF0F3006F5065 = {
						CreatedOnToolsVersion = 11.3.1;
					};
					A7A2DB34248BF0F6006F5065 = {
						CreatedOnToolsVersion = 11.3.1;
						TestTargetID = A7A2DB1E248BF0F3006F5065;
					};
				};
			};
			buildConfigurationList = A7A2DB1A248BF0F3006F5065 /* Build configuration list for PBXProject "DogOrCat" */;
			compatibilityVersion = "Xcode 9.3";
			developmentRegion = en;
			hasScannedForEncodings = 0;
			knownRegions = (
				en,
				Base,
			);
			mainGroup = A7A2DB16248BF0F3006F5065;
			productRefGroup = A7A2DB20248BF0F3006F5065 /* Products */;
			projectDirPath = "";
			projectRoot = "";
			targets = (
				A7A2DB1E248BF0F3006F5065 /* DogOrCat */,
				A7A2DB34248BF0F6006F5065 /* DogOrCatTests */,
			);
		};
/* End PBXProject section */

/* Begin PBXResourcesBuildPhase section */
		A7A2DB1D248BF0F3006F5065 /* Resources */ = {
			isa = PBXResourcesBuildPhase;
			buildActionMask = 2147483647;
			files = (
				A7A2DB2F248BF0F6006F5065 /* LaunchScreen.storyboard in Resources */,
				A7A2DB2C248BF0F6006F5065 /* Preview Assets.xcassets in Resources */,
				A7A2DB29248BF0F6006F5065 /* Assets.xcassets in Resources */,
			);
			runOnlyForDeploymentPostprocessing = 0;
		};
		A7A2DB33248BF0F6006F5065 /* Resources */ = {
			isa = PBXResourcesBuildPhase;
			buildActionMask = 2147483647;
			files = (
			);
			runOnlyForDeploymentPostprocessing = 0;
		};
/* End PBXResourcesBuildPhase section */

/* Begin PBXSourcesBuildPhase section */
		A7A2DB1B248BF0F3006F5065 /* Sources */ = {
			isa = PBXSourcesBuildPhase;
			buildActionMask = 2147483647;
			files = (
				A7A2DB23248BF0F3006F5065 /* AppDelegate.swift in Sources */,
				A7A2DB25248BF0F3006F5065 /* SceneDelegate.swift in Sources */,
				A7A2DB27248BF0F3006F5065 /* ContentView.swift in Sources */,
				A70C6BF2248F6A18004790E3 /* DogOrCat.mlmodel in Sources */,
			);
			runOnlyForDeploymentPostprocessing = 0;
		};
		A7A2DB31248BF0F6006F5065 /* Sources */ = {
			isa = PBXSourcesBuildPhase;
			buildActionMask = 2147483647;
			files = (
				A7A2DB3A248BF0F6006F5065 /* DogOrCatTests.swift in Sources */,
			);
			runOnlyForDeploymentPostprocessing = 0;
		};
/* End PBXSourcesBuildPhase section */

/* Begin PBXTargetDependency section */
		A7A2DB37248BF0F6006F5065 /* PBXTargetDependency */ = {
			isa = PBXTargetDependency;
			target = A7A2DB1E248BF0F3006F5065 /* DogOrCat */;
			targetProxy = A7A2DB36248BF0F6006F5065 /* PBXContainerItemProxy */;
		};
/* End PBXTargetDependency section */

/* Begin PBXVariantGroup section */
		A7A2DB2D248BF0F6006F5065 /* LaunchScreen.storyboard */ = {
			isa = PBXVariantGroup;
			children = (
				A7A2DB2E248BF0F6006F5065 /* Base */,
			);
			name = LaunchScreen.storyboard;
			sourceTree = "<group>";
		};
/* End PBXVariantGroup section */

/* Begin XCBuildConfiguration section */
		A7A2DB3C248BF0F6006F5065 /* Debug */ = {
			isa = XCBuildConfiguration;
			buildSettings = {
				ALWAYS_SEARCH_USER_PATHS = NO;
				CLANG_ANALYZER_NONNULL = YES;
				CLANG_ANALYZER_NUMBER_OBJECT_CONVERSION = YES_AGGRESSIVE;
				CLANG_CXX_LANGUAGE_STANDARD = "gnu++14";
				CLANG_CXX_LIBRARY = "libc++";
				CLANG_ENABLE_MODULES = YES;
				CLANG_ENABLE_OBJC_ARC = YES;
				CLANG_ENABLE_OBJC_WEAK = YES;
				CLANG_WARN_BLOCK_CAPTURE_AUTORELEASING = YES;
				CLANG_WARN_BOOL_CONVERSION = YES;
				CLANG_WARN_COMMA = YES;
				CLANG_WARN_CONSTANT_CONVERSION = YES;
				CLANG_WARN_DEPRECATED_OBJC_IMPLEMENTATIONS = YES;
				CLANG_WARN_DIRECT_OBJC_ISA_USAGE = YES_ERROR;
				CLANG_WARN_DOCUMENTATION_COMMENTS = YES;
				CLANG_WARN_EMPTY_BODY = YES;
				CLANG_WARN_ENUM_CONVERSION = YES;
				CLANG_WARN_INFINITE_RECURSION = YES;
				CLANG_WARN_INT_CONVERSION = YES;
				CLANG_WARN_NON_LITERAL_NULL_CONVERSION = YES;
				CLANG_WARN_OBJC_IMPLICIT_RETAIN_SELF = YES;
				CLANG_WARN_OBJC_LITERAL_CONVERSION = YES;
				CLANG_WARN_OBJC_ROOT_CLASS = YES_ERROR;
				CLANG_WARN_RANGE_LOOP_ANALYSIS = YES;
				CLANG_WARN_STRICT_PROTOTYPES = YES;
				CLANG_WARN_SUSPICIOUS_MOVE = YES;
				CLANG_WARN_UNGUARDED_AVAILABILITY = YES_AGGRESSIVE;
				CLANG_WARN_UNREACHABLE_CODE = YES;
				CLANG_WARN__DUPLICATE_METHOD_MATCH = YES;
				COPY_PHASE_STRIP = NO;
				DEBUG_INFORMATION_FORMAT = dwarf;
				ENABLE_STRICT_OBJC_MSGSEND = YES;
				ENABLE_TESTABILITY = YES;
				GCC_C_LANGUAGE_STANDARD = gnu11;
				GCC_DYNAMIC_NO_PIC = NO;
				GCC_NO_COMMON_BLOCKS = YES;
				GCC_OPTIMIZATION_LEVEL = 0;
				GCC_PREPROCESSOR_DEFINITIONS = (
					"DEBUG=1",
					"$(inherited)",
				);
				GCC_WARN_64_TO_32_BIT_CONVERSION = YES;
				GCC_WARN_ABOUT_RETURN_TYPE = YES_ERROR;
				GCC_WARN_UNDECLARED_SELECTOR = YES;
				GCC_WARN_UNINITIALIZED_AUTOS = YES_AGGRESSIVE;
				GCC_WARN_UNUSED_FUNCTION = YES;
				GCC_WARN_UNUSED_VARIABLE = YES;
				IPHONEOS_DEPLOYMENT_TARGET = 13.2;
				MTL_ENABLE_DEBUG_INFO = INCLUDE_SOURCE;
				MTL_FAST_MATH = YES;
				ONLY_ACTIVE_ARCH = YES;
				SDKROOT = iphoneos;
				SWIFT_ACTIVE_COMPILATION_CONDITIONS = DEBUG;
				SWIFT_OPTIMIZATION_LEVEL = "-Onone";
			};
			name = Debug;
		};
		A7A2DB3D248BF0F6006F5065 /* Release */ = {
			isa = XCBuildConfiguration;
			buildSettings = {
				ALWAYS_SEARCH_USER_PATHS = NO;
				CLANG_ANALYZER_NONNULL = YES;
				CLANG_ANALYZER_NUMBER_OBJECT_CONVERSION = YES_AGGRESSIVE;
				CLANG_CXX_LANGUAGE_STANDARD = "gnu++14";
				CLANG_CXX_LIBRARY = "libc++";
				CLANG_ENABLE_MODULES = YES;
				CLANG_ENABLE_OBJC_ARC = YES;
				CLANG_ENABLE_OBJC_WEAK = YES;
				CLANG_WARN_BLOCK_CAPTURE_AUTORELEASING = YES;
				CLANG_WARN_BOOL_CONVERSION = YES;
				CLANG_WARN_COMMA = YES;
				CLANG_WARN_CONSTANT_CONVERSION = YES;
				CLANG_WARN_DEPRECATED_OBJC_IMPLEMENTATIONS = YES;
				CLANG_WARN_DIRECT_OBJC_ISA_USAGE = YES_ERROR;
				CLANG_WARN_DOCUMENTATION_COMMENTS = YES;
				CLANG_WARN_EMPTY_BODY = YES;
				CLANG_WARN_ENUM_CONVERSION = YES;
				CLANG_WARN_INFINITE_RECURSION = YES;
				CLANG_WARN_INT_CONVERSION = YES;
				CLANG_WARN_NON_LITERAL_NULL_CONVERSION = YES;
				CLANG_WARN_OBJC_IMPLICIT_RETAIN_SELF = YES;
				CLANG_WARN_OBJC_LITERAL_CONVERSION = YES;
				CLANG_WARN_OBJC_ROOT_CLASS = YES_ERROR;
				CLANG_WARN_RANGE_LOOP_ANALYSIS = YES;
				CLANG_WARN_STRICT_PROTOTYPES = YES;
				CLANG_WARN_SUSPICIOUS_MOVE = YES;
				CLANG_WARN_UNGUARDED_AVAILABILITY = YES_AGGRESSIVE;
				CLANG_WARN_UNREACHABLE_CODE = YES;
				CLANG_WARN__DUPLICATE_METHOD_MATCH = YES;
				COPY_PHASE_STRIP = NO;
				DEBUG_INFORMATION_FORMAT = "dwarf-with-dsym";
				ENABLE_NS_ASSERTIONS = NO;
				ENABLE_STRICT_OBJC_MSGSEND = YES;
				GCC_C_LANGUAGE_STANDARD = gnu11;
				GCC_NO_COMMON_BLOCKS = YES;
				GCC_WARN_64_TO_32_BIT_CONVERSION = YES;
				GCC_WARN_ABOUT_RETURN_TYPE = YES_ERROR;
				GCC_WARN_UNDECLARED_SELECTOR = YES;
				GCC_WARN_UNINITIALIZED_AUTOS = YES_AGGRESSIVE;
				GCC_WARN_UNUSED_FUNCTION = YES;
				GCC_WARN_UNUSED_VARIABLE = YES;
				IPHONEOS_DEPLOYMENT_TARGET = 13.2;
				MTL_ENABLE_DEBUG_INFO = NO;
				MTL_FAST_MATH = YES;
				SDKROOT = iphoneos;
				SWIFT_COMPILATION_MODE = wholemodule;
				SWIFT_OPTIMIZATION_LEVEL = "-O";
				VALIDATE_PRODUCT = YES;
			};
			name = Release;
		};
		A7A2DB3F248BF0F6006F5065 /* Debug */ = {
			isa = XCBuildConfiguration;
			buildSettings = {
				ASSETCATALOG_COMPILER_APPICON_NAME = AppIcon;
				CODE_SIGN_STYLE = Automatic;
				DEVELOPMENT_ASSET_PATHS = "\"DogOrCat/Preview Content\"";
				ENABLE_PREVIEWS = YES;
				INFOPLIST_FILE = DogOrCat/Info.plist;
				LD_RUNPATH_SEARCH_PATHS = (
					"$(inherited)",
					"@executable_path/Frameworks",
				);
				PRODUCT_BUNDLE_IDENTIFIER = com.melody.DogOrCat;
				PRODUCT_NAME = "$(TARGET_NAME)";
				SWIFT_VERSION = 5.0;
				TARGETED_DEVICE_FAMILY = "1,2";
			};
			name = Debug;
		};
		A7A2DB40248BF0F6006F5065 /* Release */ = {
			isa = XCBuildConfiguration;
			buildSettings = {
				ASSETCATALOG_COMPILER_APPICON_NAME = AppIcon;
				CODE_SIGN_STYLE = Automatic;
				DEVELOPMENT_ASSET_PATHS = "\"DogOrCat/Preview Content\"";
				ENABLE_PREVIEWS = YES;
				INFOPLIST_FILE = DogOrCat/Info.plist;
				LD_RUNPATH_SEARCH_PATHS = (
					"$(inherited)",
					"@executable_path/Frameworks",
				);
				PRODUCT_BUNDLE_IDENTIFIER = com.melody.DogOrCat;
				PRODUCT_NAME = "$(TARGET_NAME)";
				SWIFT_VERSION = 5.0;
				TARGETED_DEVICE_FAMILY = "1,2";
			};
			name = Release;
		};
		A7A2DB42248BF0F6006F5065 /* Debug */ = {
			isa = XCBuildConfiguration;
			buildSettings = {
				ALWAYS_EMBED_SWIFT_STANDARD_LIBRARIES = YES;
				BUNDLE_LOADER = "$(TEST_HOST)";
				CODE_SIGN_STYLE = Automatic;
				INFOPLIST_FILE = DogOrCatTests/Info.plist;
				IPHONEOS_DEPLOYMENT_TARGET = 13.2;
				LD_RUNPATH_SEARCH_PATHS = (
					"$(inherited)",
					"@executable_path/Frameworks",
					"@loader_path/Frameworks",
				);
				PRODUCT_BUNDLE_IDENTIFIER = com.melody.DogOrCatTests;
				PRODUCT_NAME = "$(TARGET_NAME)";
				SWIFT_VERSION = 5.0;
				TARGETED_DEVICE_FAMILY = "1,2";
				TEST_HOST = "$(BUILT_PRODUCTS_DIR)/DogOrCat.app/DogOrCat";
			};
			name = Debug;
		};
		A7A2DB43248BF0F6006F5065 /* Release */ = {
			isa = XCBuildConfiguration;
			buildSettings = {
				ALWAYS_EMBED_SWIFT_STANDARD_LIBRARIES = YES;
				BUNDLE_LOADER = "$(TEST_HOST)";
				CODE_SIGN_STYLE = Automatic;
				INFOPLIST_FILE = DogOrCatTests/Info.plist;
				IPHONEOS_DEPLOYMENT_TARGET = 13.2;
				LD_RUNPATH_SEARCH_PATHS = (
					"$(inherited)",
					"@executable_path/Frameworks",
					"@loader_path/Frameworks",
				);
				PRODUCT_BUNDLE_IDENTIFIER = com.melody.DogOrCatTests;
				PRODUCT_NAME = "$(TARGET_NAME)";
				SWIFT_VERSION = 5.0;
				TARGETED_DEVICE_FAMILY = "1,2";
				TEST_HOST = "$(BUILT_PRODUCTS_DIR)/DogOrCat.app/DogOrCat";
			};
			name = Release;
		};
/* End XCBuildConfiguration section */

/* Begin XCConfigurationList section */
		A7A2DB1A248BF0F3006F5065 /* Build configuration list for PBXProject "DogOrCat" */ = {
			isa = XCConfigurationList;
			buildConfigurations = (
				A7A2DB3C248BF0F6006F5065 /* Debug */,
				A7A2DB3D248BF0F6006F5065 /* Release */,
			);
			defaultConfigurationIsVisible = 0;
			defaultConfigurationName = Release;
		};
		A7A2DB3E248BF0F6006F5065 /* Build configuration list for PBXNativeTarget "DogOrCat" */ = {
			isa = XCConfigurationList;
			buildConfigurations = (
				A7A2DB3F248BF0F6006F5065 /* Debug */,
				A7A2DB40248BF0F6006F5065 /* Release */,
			);
			defaultConfigurationIsVisible = 0;
			defaultConfigurationName = Release;
		};
		A7A2DB41248BF0F6006F5065 /* Build configuration list for PBXNativeTarget "DogOrCatTests" */ = {
			isa = XCConfigurationList;
			buildConfigurations = (
				A7A2DB42248BF0F6006F5065 /* Debug */,
				A7A2DB43248BF0F6006F5065 /* Release */,
			);
			defaultConfigurationIsVisible = 0;
			defaultConfigurationName = Release;
		};
/* End XCConfigurationList section */
	};
	rootObject = A7A2DB17248BF0F3006F5065 /* Project object */;
}
